
Microsoft Visual Studio Solution File, Format Version 12.00
# Visual Studio Version 16
VisualStudioVersion = 16.0.31005.135
MinimumVisualStudioVersion = 10.0.40219.1
Project("{FAE04EC0-301F-11D3-BF4B-00C04F79EFBC}") = "Visitekaartje", "Visitekaartje\Visitekaartje.csproj", "{523887A9-FFB4-412B-AA62-A23FC3C2441E}"
EndProject
Global
	GlobalSection(SolutionConfigurationPlatforms) = preSolution
		Debug|Any CPU = Debug|Any CPU
		Release|Any CPU = Release|Any CPU
	EndGlobalSection
	GlobalSection(ProjectConfigurationPlatforms) = postSolution
		{523887A9-FFB4-412B-AA62-A23FC3C2441E}.Debug|Any CPU.ActiveCfg = Debug|Any CPU
		{523887A9-FFB4-412B-AA62-A23FC3C2441E}.Debug|Any CPU.Build.0 = Debug|Any CPU
		{523887A9-FFB4-412B-AA62-A23FC3C2441E}.Release|Any CPU.ActiveCfg = Release|Any CPU
		{523887A9-FFB4-412B-AA62-A23FC3C2441E}.Release|Any CPU.Build.0 = Release|Any CPU
	EndGlobalSection
	GlobalSection(SolutionProperties) = preSolution
		HideSolutionNode = FALSE
	EndGlobalSection
	GlobalSection(ExtensibilityGlobals) = postSolution
		SolutionGuid = {1639B71E-F413-4A87-80AE-1B3A068AE632}
	EndGlobalSection
EndGlobal
